
Microsoft Visual Studio Solution File, Format Version 12.00
# Visual Studio 15
VisualStudioVersion = 15.0.27703.2026
MinimumVisualStudioVersion = 10.0.40219.1
Project("{FAE04EC0-301F-11D3-BF4B-00C04F79EFBC}") = "MASGlobal.HandsOn.Repository", "MASGlobal.HandsOn.Repository\MASGlobal.HandsOn.Repository.csproj", "{24939E62-B63A-4A2C-A4D6-84FCC61F9BF2}"
EndProject
Project("{FAE04EC0-301F-11D3-BF4B-00C04F79EFBC}") = "MASGlobal.HandsOn.Model", "MASGlobal.HandsOn.Model\MASGlobal.HandsOn.Model.csproj", "{11E60812-96A5-4499-B103-387B9470BF86}"
EndProject
Project("{FAE04EC0-301F-11D3-BF4B-00C04F79EFBC}") = "MASGlobal.HandsOn.Business", "MASGlobal.HandsOn.Business\MASGlobal.HandsOn.Business.csproj", "{2EEA96FB-FB69-4F6E-89B7-B9F607A80FBC}"
EndProject
Project("{FAE04EC0-301F-11D3-BF4B-00C04F79EFBC}") = "MASGlobal.HandsOn.Tool", "MASGlobal.HandsOn.Tool\MASGlobal.HandsOn.Tool.csproj", "{EE13B388-21D1-42C2-85B3-491F8A078D28}"
EndProject
Project("{FAE04EC0-301F-11D3-BF4B-00C04F79EFBC}") = "MASGlobal.HandsOn.Website", "MASGlobal.HandsOn.Website\MASGlobal.HandsOn.Website.csproj", "{8BBDDB9E-93EC-409B-BC7D-BC5CA31DEC27}"
EndProject
Project("{FAE04EC0-301F-11D3-BF4B-00C04F79EFBC}") = "MASGlobal.HandsOn.UnitTests", "MASGlobal.HandsOn.UnitTests\MASGlobal.HandsOn.UnitTests.csproj", "{4883E976-AA45-4205-8BB3-C7DC58DEEB45}"
EndProject
Global
	GlobalSection(SolutionConfigurationPlatforms) = preSolution
		Debug|Any CPU = Debug|Any CPU
		Release|Any CPU = Release|Any CPU
	EndGlobalSection
	GlobalSection(ProjectConfigurationPlatforms) = postSolution
		{24939E62-B63A-4A2C-A4D6-84FCC61F9BF2}.Debug|Any CPU.ActiveCfg = Debug|Any CPU
		{24939E62-B63A-4A2C-A4D6-84FCC61F9BF2}.Debug|Any CPU.Build.0 = Debug|Any CPU
		{24939E62-B63A-4A2C-A4D6-84FCC61F9BF2}.Release|Any CPU.ActiveCfg = Release|Any CPU
		{24939E62-B63A-4A2C-A4D6-84FCC61F9BF2}.Release|Any CPU.Build.0 = Release|Any CPU
		{11E60812-96A5-4499-B103-387B9470BF86}.Debug|Any CPU.ActiveCfg = Debug|Any CPU
		{11E60812-96A5-4499-B103-387B9470BF86}.Debug|Any CPU.Build.0 = Debug|Any CPU
		{11E60812-96A5-4499-B103-387B9470BF86}.Release|Any CPU.ActiveCfg = Release|Any CPU
		{11E60812-96A5-4499-B103-387B9470BF86}.Release|Any CPU.Build.0 = Release|Any CPU
		{2EEA96FB-FB69-4F6E-89B7-B9F607A80FBC}.Debug|Any CPU.ActiveCfg = Debug|Any CPU
		{2EEA96FB-FB69-4F6E-89B7-B9F607A80FBC}.Debug|Any CPU.Build.0 = Debug|Any CPU
		{2EEA96FB-FB69-4F6E-89B7-B9F607A80FBC}.Release|Any CPU.ActiveCfg = Release|Any CPU
		{2EEA96FB-FB69-4F6E-89B7-B9F607A80FBC}.Release|Any CPU.Build.0 = Release|Any CPU
		{EE13B388-21D1-42C2-85B3-491F8A078D28}.Debug|Any CPU.ActiveCfg = Debug|Any CPU
		{EE13B388-21D1-42C2-85B3-491F8A078D28}.Debug|Any CPU.Build.0 = Debug|Any CPU
		{EE13B388-21D1-42C2-85B3-491F8A078D28}.Release|Any CPU.ActiveCfg = Release|Any CPU
		{EE13B388-21D1-42C2-85B3-491F8A078D28}.Release|Any CPU.Build.0 = Release|Any CPU
		{8BBDDB9E-93EC-409B-BC7D-BC5CA31DEC27}.Debug|Any CPU.ActiveCfg = Debug|Any CPU
		{8BBDDB9E-93EC-409B-BC7D-BC5CA31DEC27}.Debug|Any CPU.Build.0 = Debug|Any CPU
		{8BBDDB9E-93EC-409B-BC7D-BC5CA31DEC27}.Release|Any CPU.ActiveCfg = Release|Any CPU
		{8BBDDB9E-93EC-409B-BC7D-BC5CA31DEC27}.Release|Any CPU.Build.0 = Release|Any CPU
		{4883E976-AA45-4205-8BB3-C7DC58DEEB45}.Debug|Any CPU.ActiveCfg = Debug|Any CPU
		{4883E976-AA45-4205-8BB3-C7DC58DEEB45}.Debug|Any CPU.Build.0 = Debug|Any CPU
		{4883E976-AA45-4205-8BB3-C7DC58DEEB45}.Release|Any CPU.ActiveCfg = Release|Any CPU
		{4883E976-AA45-4205-8BB3-C7DC58DEEB45}.Release|Any CPU.Build.0 = Release|Any CPU
	EndGlobalSection
	GlobalSection(SolutionProperties) = preSolution
		HideSolutionNode = FALSE
	EndGlobalSection
	GlobalSection(ExtensibilityGlobals) = postSolution
		SolutionGuid = {607B676F-C9C9-4B25-85B7-86CCD1D40D9B}
	EndGlobalSection
EndGlobal
